
Microsoft Visual Studio Solution File, Format Version 12.00
# Visual Studio 15
VisualStudioVersion = 15.0.27428.2011
MinimumVisualStudioVersion = 10.0.40219.1
Project("{FAE04EC0-301F-11D3-BF4B-00C04F79EFBC}") = "Canvas-Cropping", "Canvas-Cropping\Canvas-Cropping.csproj", "{FE283084-C7E6-4333-8D21-E198696A315D}"
EndProject
Global
	GlobalSection(SolutionConfigurationPlatforms) = preSolution
		Debug|Any CPU = Debug|Any CPU
		Release|Any CPU = Release|Any CPU
	EndGlobalSection
	GlobalSection(ProjectConfigurationPlatforms) = postSolution
		{FE283084-C7E6-4333-8D21-E198696A315D}.Debug|Any CPU.ActiveCfg = Debug|Any CPU
		{FE283084-C7E6-4333-8D21-E198696A315D}.Debug|Any CPU.Build.0 = Debug|Any CPU
		{FE283084-C7E6-4333-8D21-E198696A315D}.Release|Any CPU.ActiveCfg = Release|Any CPU
		{FE283084-C7E6-4333-8D21-E198696A315D}.Release|Any CPU.Build.0 = Release|Any CPU
	EndGlobalSection
	GlobalSection(SolutionProperties) = preSolution
		HideSolutionNode = FALSE
	EndGlobalSection
	GlobalSection(ExtensibilityGlobals) = postSolution
		SolutionGuid = {84BDBA26-9951-47D0-91CB-8AB1BACCFCCB}
	EndGlobalSection
EndGlobal
